
Microsoft Visual Studio Solution File, Format Version 12.00
Project("{FAE04EC0-301F-11D3-BF4B-00C04F79EFBC}") = "Tochka.JsonRpc.Client", "Tochka.JsonRpc.Client\Tochka.JsonRpc.Client.csproj", "{7C967EA7-7284-49CD-83DC-6003EA7E3347}"
EndProject
Project("{2150E333-8FDC-42A3-9474-1A3956D46DE8}") = "tests", "tests", "{7912296A-76BE-4656-9C10-C13004788691}"
EndProject
Project("{FAE04EC0-301F-11D3-BF4B-00C04F79EFBC}") = "Tochka.JsonRpc.Client.Tests", "tests\Tochka.JsonRpc.Client.Tests\Tochka.JsonRpc.Client.Tests.csproj", "{C9E47447-6C14-43E0-A970-EF30D6FFD3C2}"
EndProject
Global
	GlobalSection(SolutionConfigurationPlatforms) = preSolution
		Debug|Any CPU = Debug|Any CPU
		Release|Any CPU = Release|Any CPU
	EndGlobalSection
	GlobalSection(ProjectConfigurationPlatforms) = postSolution
		{7C967EA7-7284-49CD-83DC-6003EA7E3347}.Debug|Any CPU.ActiveCfg = Debug|Any CPU
		{7C967EA7-7284-49CD-83DC-6003EA7E3347}.Debug|Any CPU.Build.0 = Debug|Any CPU
		{7C967EA7-7284-49CD-83DC-6003EA7E3347}.Release|Any CPU.ActiveCfg = Release|Any CPU
		{7C967EA7-7284-49CD-83DC-6003EA7E3347}.Release|Any CPU.Build.0 = Release|Any CPU
		{C9E47447-6C14-43E0-A970-EF30D6FFD3C2}.Debug|Any CPU.ActiveCfg = Debug|Any CPU
		{C9E47447-6C14-43E0-A970-EF30D6FFD3C2}.Debug|Any CPU.Build.0 = Debug|Any CPU
		{C9E47447-6C14-43E0-A970-EF30D6FFD3C2}.Release|Any CPU.ActiveCfg = Release|Any CPU
		{C9E47447-6C14-43E0-A970-EF30D6FFD3C2}.Release|Any CPU.Build.0 = Release|Any CPU
	EndGlobalSection
	GlobalSection(NestedProjects) = preSolution
		{C9E47447-6C14-43E0-A970-EF30D6FFD3C2} = {7912296A-76BE-4656-9C10-C13004788691}
	EndGlobalSection
EndGlobal
